// !$*UTF8*$!
{
	archiveVersion = 1;
	classes = {
	};
	objectVersion = 60;
	objects = {

/* Begin PBXBuildFile section */
		2FAD9763203C412B000D30F8 /* config.xml in Resources */ = {isa = PBXBuildFile; fileRef = 2FAD9762203C412B000D30F8 /* config.xml */; };
		4D22ABE92AF431CB00220026 /* CapApp-SPM in Frameworks */ = {isa = PBXBuildFile; productRef = 4D22ABE82AF431CB00220026 /* CapApp-SPM */; };
		50379B232058CBB4000EE86E /* capacitor.config.json in Resources */ = {isa = PBXBuildFile; fileRef = 50379B222058CBB4000EE86E /* capacitor.config.json */; };
		504EC3081FED79650016851F /* AppDelegate.swift in Sources */ = {isa = PBXBuildFile; fileRef = 504EC3071FED79650016851F /* AppDelegate.swift */; };
		504EC30D1FED79650016851F /* Main.storyboard in Resources */ = {isa = PBXBuildFile; fileRef = 504EC30B1FED79650016851F /* Main.storyboard */; };
		504EC30F1FED79650016851F /* Assets.xcassets in Resources */ = {isa = PBXBuildFile; fileRef = 504EC30E1FED79650016851F /* Assets.xcassets */; };
		504EC3121FED79650016851F /* LaunchScreen.storyboard in Resources */ = {isa = PBXBuildFile; fileRef = 504EC3101FED79650016851F /* LaunchScreen.storyboard */; };
		50B271D11FEDC1A000F3C39B /* public in Resources */ = {isa = PBXBuildFile; fileRef = 50B271D01FEDC1A000F3C39B /* public */; };
		A1B2C3D4E5F6000000000001 /* NobuRootViewController.swift in Sources */ = {isa = PBXBuildFile; fileRef = A1B2C3D4E5F6000000000002 /* NobuRootViewController.swift */; };
		A1B2C3D4E5F6000000000003 /* NobuLive2DBridge.mm in Sources */ = {isa = PBXBuildFile; fileRef = A1B2C3D4E5F6000000000004 /* NobuLive2DBridge.mm */; };
		A1B2C3D4E5F6000000000005 /* models in Resources */ = {isa = PBXBuildFile; fileRef = A1B2C3D4E5F6000000000006 /* models */; };
		A1B2C3D4E5F6000000000010 /* NobuLive2DView.mm in Sources */ = {isa = PBXBuildFile; fileRef = A1B2C3D4E5F6000000000011 /* NobuLive2DView.mm */; };
		A1B2C3D4E5F6000000000012 /* MetalKit.framework in Frameworks */ = {isa = PBXBuildFile; fileRef = A1B2C3D4E5F6000000000013 /* MetalKit.framework */; };
		A1B2C3D4F0B000000000000 /* CubismCdiJson.cpp in Sources */ = {isa = PBXBuildFile; fileRef = A1B2C3D4F0F000000000000 /* CubismCdiJson.cpp */; };
		A1B2C3D4F0B000000000001 /* CubismDefaultParameterId.cpp in Sources */ = {isa = PBXBuildFile; fileRef = A1B2C3D4F0F000000000001 /* CubismDefaultParameterId.cpp */; };
		A1B2C3D4F0B000000000002 /* CubismFramework.cpp in Sources */ = {isa = PBXBuildFile; fileRef = A1B2C3D4F0F000000000002 /* CubismFramework.cpp */; };
		A1B2C3D4F0B000000000003 /* CubismModelSettingJson.cpp in Sources */ = {isa = PBXBuildFile; fileRef = A1B2C3D4F0F000000000003 /* CubismModelSettingJson.cpp */; };
		A1B2C3D4F0B000000000004 /* CubismBreath.cpp in Sources */ = {isa = PBXBuildFile; fileRef = A1B2C3D4F0F000000000004 /* CubismBreath.cpp */; };
		A1B2C3D4F0B000000000005 /* CubismEyeBlink.cpp in Sources */ = {isa = PBXBuildFile; fileRef = A1B2C3D4F0F000000000005 /* CubismEyeBlink.cpp */; };
		A1B2C3D4F0B000000000006 /* CubismLook.cpp in Sources */ = {isa = PBXBuildFile; fileRef = A1B2C3D4F0F000000000006 /* CubismLook.cpp */; };
		A1B2C3D4F0B000000000007 /* CubismPose.cpp in Sources */ = {isa = PBXBuildFile; fileRef = A1B2C3D4F0F000000000007 /* CubismPose.cpp */; };
		A1B2C3D4F0B000000000008 /* CubismId.cpp in Sources */ = {isa = PBXBuildFile; fileRef = A1B2C3D4F0F000000000008 /* CubismId.cpp */; };
		A1B2C3D4F0B000000000009 /* CubismIdManager.cpp in Sources */ = {isa = PBXBuildFile; fileRef = A1B2C3D4F0F000000000009 /* CubismIdManager.cpp */; };
		A1B2C3D4F0B00000000000A /* CubismMath.cpp in Sources */ = {isa = PBXBuildFile; fileRef = A1B2C3D4F0F00000000000A /* CubismMath.cpp */; };
		A1B2C3D4F0B00000000000B /* CubismMatrix44.cpp in Sources */ = {isa = PBXBuildFile; fileRef = A1B2C3D4F0F00000000000B /* CubismMatrix44.cpp */; };
		A1B2C3D4F0B00000000000C /* CubismModelMatrix.cpp in Sources */ = {isa = PBXBuildFile; fileRef = A1B2C3D4F0F00000000000C /* CubismModelMatrix.cpp */; };
		A1B2C3D4F0B00000000000D /* CubismTargetPoint.cpp in Sources */ = {isa = PBXBuildFile; fileRef = A1B2C3D4F0F00000000000D /* CubismTargetPoint.cpp */; };
		A1B2C3D4F0B00000000000E /* CubismVector2.cpp in Sources */ = {isa = PBXBuildFile; fileRef = A1B2C3D4F0F00000000000E /* CubismVector2.cpp */; };
		A1B2C3D4F0B00000000000F /* CubismViewMatrix.cpp in Sources */ = {isa = PBXBuildFile; fileRef = A1B2C3D4F0F00000000000F /* CubismViewMatrix.cpp */; };
		A1B2C3D4F0B000000000010 /* CubismMoc.cpp in Sources */ = {isa = PBXBuildFile; fileRef = A1B2C3D4F0F000000000010 /* CubismMoc.cpp */; };
		A1B2C3D4F0B000000000011 /* CubismModel.cpp in Sources */ = {isa = PBXBuildFile; fileRef = A1B2C3D4F0F000000000011 /* CubismModel.cpp */; };
		A1B2C3D4F0B000000000012 /* CubismModelMultiplyAndScreenColor.cpp in Sources */ = {isa = PBXBuildFile; fileRef = A1B2C3D4F0F000000000012 /* CubismModelMultiplyAndScreenColor.cpp */; };
		A1B2C3D4F0B000000000013 /* CubismModelUserData.cpp in Sources */ = {isa = PBXBuildFile; fileRef = A1B2C3D4F0F000000000013 /* CubismModelUserData.cpp */; };
		A1B2C3D4F0B000000000014 /* CubismModelUserDataJson.cpp in Sources */ = {isa = PBXBuildFile; fileRef = A1B2C3D4F0F000000000014 /* CubismModelUserDataJson.cpp */; };
		A1B2C3D4F0B000000000015 /* CubismUserModel.cpp in Sources */ = {isa = PBXBuildFile; fileRef = A1B2C3D4F0F000000000015 /* CubismUserModel.cpp */; };
		A1B2C3D4F0B000000000016 /* ACubismMotion.cpp in Sources */ = {isa = PBXBuildFile; fileRef = A1B2C3D4F0F000000000016 /* ACubismMotion.cpp */; };
		A1B2C3D4F0B000000000017 /* CubismBreathUpdater.cpp in Sources */ = {isa = PBXBuildFile; fileRef = A1B2C3D4F0F000000000017 /* CubismBreathUpdater.cpp */; };
		A1B2C3D4F0B000000000018 /* CubismExpressionMotion.cpp in Sources */ = {isa = PBXBuildFile; fileRef = A1B2C3D4F0F000000000018 /* CubismExpressionMotion.cpp */; };
		A1B2C3D4F0B000000000019 /* CubismExpressionMotionManager.cpp in Sources */ = {isa = PBXBuildFile; fileRef = A1B2C3D4F0F000000000019 /* CubismExpressionMotionManager.cpp */; };
		A1B2C3D4F0B00000000001A /* CubismExpressionUpdater.cpp in Sources */ = {isa = PBXBuildFile; fileRef = A1B2C3D4F0F00000000001A /* CubismExpressionUpdater.cpp */; };
		A1B2C3D4F0B00000000001B /* CubismEyeBlinkUpdater.cpp in Sources */ = {isa = PBXBuildFile; fileRef = A1B2C3D4F0F00000000001B /* CubismEyeBlinkUpdater.cpp */; };
		A1B2C3D4F0B00000000001C /* CubismLipSyncUpdater.cpp in Sources */ = {isa = PBXBuildFile; fileRef = A1B2C3D4F0F00000000001C /* CubismLipSyncUpdater.cpp */; };
		A1B2C3D4F0B00000000001D /* CubismLookUpdater.cpp in Sources */ = {isa = PBXBuildFile; fileRef = A1B2C3D4F0F00000000001D /* CubismLookUpdater.cpp */; };
		A1B2C3D4F0B00000000001E /* CubismMotion.cpp in Sources */ = {isa = PBXBuildFile; fileRef = A1B2C3D4F0F00000000001E /* CubismMotion.cpp */; };
		A1B2C3D4F0B00000000001F /* CubismMotionJson.cpp in Sources */ = {isa = PBXBuildFile; fileRef = A1B2C3D4F0F00000000001F /* CubismMotionJson.cpp */; };
		A1B2C3D4F0B000000000020 /* CubismMotionManager.cpp in Sources */ = {isa = PBXBuildFile; fileRef = A1B2C3D4F0F000000000020 /* CubismMotionManager.cpp */; };
		A1B2C3D4F0B000000000021 /* CubismMotionQueueEntry.cpp in Sources */ = {isa = PBXBuildFile; fileRef = A1B2C3D4F0F000000000021 /* CubismMotionQueueEntry.cpp */; };
		A1B2C3D4F0B000000000022 /* CubismMotionQueueManager.cpp in Sources */ = {isa = PBXBuildFile; fileRef = A1B2C3D4F0F000000000022 /* CubismMotionQueueManager.cpp */; };
		A1B2C3D4F0B000000000023 /* CubismPhysicsUpdater.cpp in Sources */ = {isa = PBXBuildFile; fileRef = A1B2C3D4F0F000000000023 /* CubismPhysicsUpdater.cpp */; };
		A1B2C3D4F0B000000000024 /* CubismPoseUpdater.cpp in Sources */ = {isa = PBXBuildFile; fileRef = A1B2C3D4F0F000000000024 /* CubismPoseUpdater.cpp */; };
		A1B2C3D4F0B000000000025 /* CubismUpdateScheduler.cpp in Sources */ = {isa = PBXBuildFile; fileRef = A1B2C3D4F0F000000000025 /* CubismUpdateScheduler.cpp */; };
		A1B2C3D4F0B000000000026 /* ICubismUpdater.cpp in Sources */ = {isa = PBXBuildFile; fileRef = A1B2C3D4F0F000000000026 /* ICubismUpdater.cpp */; };
		A1B2C3D4F0B000000000027 /* IParameterProvider.cpp in Sources */ = {isa = PBXBuildFile; fileRef = A1B2C3D4F0F000000000027 /* IParameterProvider.cpp */; };
		A1B2C3D4F0B000000000028 /* CubismPhysics.cpp in Sources */ = {isa = PBXBuildFile; fileRef = A1B2C3D4F0F000000000028 /* CubismPhysics.cpp */; };
		A1B2C3D4F0B000000000029 /* CubismPhysicsJson.cpp in Sources */ = {isa = PBXBuildFile; fileRef = A1B2C3D4F0F000000000029 /* CubismPhysicsJson.cpp */; };
		A1B2C3D4F0B00000000002A /* CubismRenderer.cpp in Sources */ = {isa = PBXBuildFile; fileRef = A1B2C3D4F0F00000000002A /* CubismRenderer.cpp */; };
		A1B2C3D4F0B00000000002B /* CubismCommandBuffer_Metal.mm in Sources */ = {isa = PBXBuildFile; fileRef = A1B2C3D4F0F00000000002B /* CubismCommandBuffer_Metal.mm */; settings = {COMPILER_FLAGS = "-fno-objc-arc"; }; };
		A1B2C3D4F0B00000000002C /* CubismDeviceInfo_Metal.mm in Sources */ = {isa = PBXBuildFile; fileRef = A1B2C3D4F0F00000000002C /* CubismDeviceInfo_Metal.mm */; settings = {COMPILER_FLAGS = "-fno-objc-arc"; }; };
		A1B2C3D4F0B00000000002D /* CubismOffscreenManager_Metal.mm in Sources */ = {isa = PBXBuildFile; fileRef = A1B2C3D4F0F00000000002D /* CubismOffscreenManager_Metal.mm */; settings = {COMPILER_FLAGS = "-fno-objc-arc"; }; };
		A1B2C3D4F0B00000000002E /* CubismOffscreenRenderTarget_Metal.mm in Sources */ = {isa = PBXBuildFile; fileRef = A1B2C3D4F0F00000000002E /* CubismOffscreenRenderTarget_Metal.mm */; settings = {COMPILER_FLAGS = "-fno-objc-arc"; }; };
		A1B2C3D4F0B00000000002F /* CubismRenderTarget_Metal.mm in Sources */ = {isa = PBXBuildFile; fileRef = A1B2C3D4F0F00000000002F /* CubismRenderTarget_Metal.mm */; settings = {COMPILER_FLAGS = "-fno-objc-arc"; }; };
		A1B2C3D4F0B000000000030 /* CubismRenderer_Metal.mm in Sources */ = {isa = PBXBuildFile; fileRef = A1B2C3D4F0F000000000030 /* CubismRenderer_Metal.mm */; settings = {COMPILER_FLAGS = "-fno-objc-arc"; }; };
		A1B2C3D4F0B000000000031 /* CubismShader_Metal.mm in Sources */ = {isa = PBXBuildFile; fileRef = A1B2C3D4F0F000000000031 /* CubismShader_Metal.mm */; settings = {COMPILER_FLAGS = "-fno-objc-arc"; }; };
		A1B2C3D4F0B000000000032 /* csmBlendMode.cpp in Sources */ = {isa = PBXBuildFile; fileRef = A1B2C3D4F0F000000000032 /* csmBlendMode.cpp */; };
		A1B2C3D4F0B000000000033 /* csmRectF.cpp in Sources */ = {isa = PBXBuildFile; fileRef = A1B2C3D4F0F000000000033 /* csmRectF.cpp */; };
		A1B2C3D4F0B000000000034 /* csmString.cpp in Sources */ = {isa = PBXBuildFile; fileRef = A1B2C3D4F0F000000000034 /* csmString.cpp */; };
		A1B2C3D4F0B000000000035 /* CubismDebug.cpp in Sources */ = {isa = PBXBuildFile; fileRef = A1B2C3D4F0F000000000035 /* CubismDebug.cpp */; };
		A1B2C3D4F0B000000000036 /* CubismJson.cpp in Sources */ = {isa = PBXBuildFile; fileRef = A1B2C3D4F0F000000000036 /* CubismJson.cpp */; };
		A1B2C3D4F0B000000000037 /* CubismString.cpp in Sources */ = {isa = PBXBuildFile; fileRef = A1B2C3D4F0F000000000037 /* CubismString.cpp */; };
/* End PBXBuildFile section */

/* Begin PBXFileReference section */
		2FAD9762203C412B000D30F8 /* config.xml */ = {isa = PBXFileReference; lastKnownFileType = text.xml; path = config.xml; sourceTree = "<group>"; };
		50379B222058CBB4000EE86E /* capacitor.config.json */ = {isa = PBXFileReference; fileEncoding = 4; lastKnownFileType = text.json; path = capacitor.config.json; sourceTree = "<group>"; };
		504EC3041FED79650016851F /* App.app */ = {isa = PBXFileReference; explicitFileType = wrapper.application; includeInIndex = 0; path = App.app; sourceTree = BUILT_PRODUCTS_DIR; };
		504EC3071FED79650016851F /* AppDelegate.swift */ = {isa = PBXFileReference; lastKnownFileType = sourcecode.swift; path = AppDelegate.swift; sourceTree = "<group>"; };
		504EC30C1FED79650016851F /* Base */ = {isa = PBXFileReference; lastKnownFileType = file.storyboard; name = Base; path = Base.lproj/Main.storyboard; sourceTree = "<group>"; };
		504EC30E1FED79650016851F /* Assets.xcassets */ = {isa = PBXFileReference; lastKnownFileType = folder.assetcatalog; path = Assets.xcassets; sourceTree = "<group>"; };
		504EC3111FED79650016851F /* Base */ = {isa = PBXFileReference; lastKnownFileType = file.storyboard; name = Base; path = Base.lproj/LaunchScreen.storyboard; sourceTree = "<group>"; };
		504EC3131FED79650016851F /* Info.plist */ = {isa = PBXFileReference; lastKnownFileType = text.plist.xml; path = Info.plist; sourceTree = "<group>"; };
		50B271D01FEDC1A000F3C39B /* public */ = {isa = PBXFileReference; lastKnownFileType = folder; path = public; sourceTree = "<group>"; };
		958DCC722DB07C7200EA8C5F /* debug.xcconfig */ = {isa = PBXFileReference; lastKnownFileType = text.xcconfig; name = debug.xcconfig; path = ../debug.xcconfig; sourceTree = SOURCE_ROOT; };
		A1B2C3D4E5F6000000000002 /* NobuRootViewController.swift */ = {isa = PBXFileReference; lastKnownFileType = sourcecode.swift; path = NobuRootViewController.swift; sourceTree = "<group>"; };
		A1B2C3D4E5F6000000000004 /* NobuLive2DBridge.mm */ = {isa = PBXFileReference; lastKnownFileType = sourcecode.cpp.objcpp; path = NobuLive2DBridge.mm; sourceTree = "<group>"; };
		A1B2C3D4E5F6000000000006 /* models */ = {isa = PBXFileReference; lastKnownFileType = folder; name = models; path = ../../../public/models; sourceTree = "<group>"; };
		A1B2C3D4E5F6000000000007 /* NobuLive2DBridge.h */ = {isa = PBXFileReference; lastKnownFileType = sourcecode.c.h; path = NobuLive2DBridge.h; sourceTree = "<group>"; };
		A1B2C3D4E5F6000000000008 /* App-Bridging-Header.h */ = {isa = PBXFileReference; lastKnownFileType = sourcecode.c.h; path = "App-Bridging-Header.h"; sourceTree = "<group>"; };
		A1B2C3D4E5F6000000000011 /* NobuLive2DView.mm */ = {isa = PBXFileReference; lastKnownFileType = sourcecode.cpp.objcpp; path = NobuLive2DView.mm; sourceTree = "<group>"; };
		A1B2C3D4E5F6000000000013 /* MetalKit.framework */ = {isa = PBXFileReference; lastKnownFileType = wrapper.framework; name = MetalKit.framework; path = System/Library/Frameworks/MetalKit.framework; sourceTree = SDKROOT; };
		A1B2C3D4E5F6000000000014 /* NobuLive2DView.h */ = {isa = PBXFileReference; lastKnownFileType = sourcecode.c.h; path = NobuLive2DView.h; sourceTree = "<group>"; };
		A1B2C3D4F0F000000000000 /* CubismCdiJson.cpp */ = {isa = PBXFileReference; lastKnownFileType = sourcecode.cpp.cpp; name = CubismCdiJson.cpp; path = ../../vendor/live2d/ios/Framework/src/CubismCdiJson.cpp; sourceTree = SOURCE_ROOT; };
		A1B2C3D4F0F000000000001 /* CubismDefaultParameterId.cpp */ = {isa = PBXFileReference; lastKnownFileType = sourcecode.cpp.cpp; name = CubismDefaultParameterId.cpp; path = ../../vendor/live2d/ios/Framework/src/CubismDefaultParameterId.cpp; sourceTree = SOURCE_ROOT; };
		A1B2C3D4F0F000000000002 /* CubismFramework.cpp */ = {isa = PBXFileReference; lastKnownFileType = sourcecode.cpp.cpp; name = CubismFramework.cpp; path = ../../vendor/live2d/ios/Framework/src/CubismFramework.cpp; sourceTree = SOURCE_ROOT; };
		A1B2C3D4F0F000000000003 /* CubismModelSettingJson.cpp */ = {isa = PBXFileReference; lastKnownFileType = sourcecode.cpp.cpp; name = CubismModelSettingJson.cpp; path = ../../vendor/live2d/ios/Framework/src/CubismModelSettingJson.cpp; sourceTree = SOURCE_ROOT; };
		A1B2C3D4F0F000000000004 /* CubismBreath.cpp */ = {isa = PBXFileReference; lastKnownFileType = sourcecode.cpp.cpp; name = CubismBreath.cpp; path = ../../vendor/live2d/ios/Framework/src/Effect/CubismBreath.cpp; sourceTree = SOURCE_ROOT; };
		A1B2C3D4F0F000000000005 /* CubismEyeBlink.cpp */ = {isa = PBXFileReference; lastKnownFileType = sourcecode.cpp.cpp; name = CubismEyeBlink.cpp; path = ../../vendor/live2d/ios/Framework/src/Effect/CubismEyeBlink.cpp; sourceTree = SOURCE_ROOT; };
		A1B2C3D4F0F000000000006 /* CubismLook.cpp */ = {isa = PBXFileReference; lastKnownFileType = sourcecode.cpp.cpp; name = CubismLook.cpp; path = ../../vendor/live2d/ios/Framework/src/Effect/CubismLook.cpp; sourceTree = SOURCE_ROOT; };
		A1B2C3D4F0F000000000007 /* CubismPose.cpp */ = {isa = PBXFileReference; lastKnownFileType = sourcecode.cpp.cpp; name = CubismPose.cpp; path = ../../vendor/live2d/ios/Framework/src/Effect/CubismPose.cpp; sourceTree = SOURCE_ROOT; };
		A1B2C3D4F0F000000000008 /* CubismId.cpp */ = {isa = PBXFileReference; lastKnownFileType = sourcecode.cpp.cpp; name = CubismId.cpp; path = ../../vendor/live2d/ios/Framework/src/Id/CubismId.cpp; sourceTree = SOURCE_ROOT; };
		A1B2C3D4F0F000000000009 /* CubismIdManager.cpp */ = {isa = PBXFileReference; lastKnownFileType = sourcecode.cpp.cpp; name = CubismIdManager.cpp; path = ../../vendor/live2d/ios/Framework/src/Id/CubismIdManager.cpp; sourceTree = SOURCE_ROOT; };
		A1B2C3D4F0F00000000000A /* CubismMath.cpp */ = {isa = PBXFileReference; lastKnownFileType = sourcecode.cpp.cpp; name = CubismMath.cpp; path = ../../vendor/live2d/ios/Framework/src/Math/CubismMath.cpp; sourceTree = SOURCE_ROOT; };
		A1B2C3D4F0F00000000000B /* CubismMatrix44.cpp */ = {isa = PBXFileReference; lastKnownFileType = sourcecode.cpp.cpp; name = CubismMatrix44.cpp; path = ../../vendor/live2d/ios/Framework/src/Math/CubismMatrix44.cpp; sourceTree = SOURCE_ROOT; };
		A1B2C3D4F0F00000000000C /* CubismModelMatrix.cpp */ = {isa = PBXFileReference; lastKnownFileType = sourcecode.cpp.cpp; name = CubismModelMatrix.cpp; path = ../../vendor/live2d/ios/Framework/src/Math/CubismModelMatrix.cpp; sourceTree = SOURCE_ROOT; };
		A1B2C3D4F0F00000000000D /* CubismTargetPoint.cpp */ = {isa = PBXFileReference; lastKnownFileType = sourcecode.cpp.cpp; name = CubismTargetPoint.cpp; path = ../../vendor/live2d/ios/Framework/src/Math/CubismTargetPoint.cpp; sourceTree = SOURCE_ROOT; };
		A1B2C3D4F0F00000000000E /* CubismVector2.cpp */ = {isa = PBXFileReference; lastKnownFileType = sourcecode.cpp.cpp; name = CubismVector2.cpp; path = ../../vendor/live2d/ios/Framework/src/Math/CubismVector2.cpp; sourceTree = SOURCE_ROOT; };
		A1B2C3D4F0F00000000000F /* CubismViewMatrix.cpp */ = {isa = PBXFileReference; lastKnownFileType = sourcecode.cpp.cpp; name = CubismViewMatrix.cpp; path = ../../vendor/live2d/ios/Framework/src/Math/CubismViewMatrix.cpp; sourceTree = SOURCE_ROOT; };
		A1B2C3D4F0F000000000010 /* CubismMoc.cpp */ = {isa = PBXFileReference; lastKnownFileType = sourcecode.cpp.cpp; name = CubismMoc.cpp; path = ../../vendor/live2d/ios/Framework/src/Model/CubismMoc.cpp; sourceTree = SOURCE_ROOT; };
		A1B2C3D4F0F000000000011 /* CubismModel.cpp */ = {isa = PBXFileReference; lastKnownFileType = sourcecode.cpp.cpp; name = CubismModel.cpp; path = ../../vendor/live2d/ios/Framework/src/Model/CubismModel.cpp; sourceTree = SOURCE_ROOT; };
		A1B2C3D4F0F000000000012 /* CubismModelMultiplyAndScreenColor.cpp */ = {isa = PBXFileReference; lastKnownFileType = sourcecode.cpp.cpp; name = CubismModelMultiplyAndScreenColor.cpp; path = ../../vendor/live2d/ios/Framework/src/Model/CubismModelMultiplyAndScreenColor.cpp; sourceTree = SOURCE_ROOT; };
		A1B2C3D4F0F000000000013 /* CubismModelUserData.cpp */ = {isa = PBXFileReference; lastKnownFileType = sourcecode.cpp.cpp; name = CubismModelUserData.cpp; path = ../../vendor/live2d/ios/Framework/src/Model/CubismModelUserData.cpp; sourceTree = SOURCE_ROOT; };
		A1B2C3D4F0F000000000014 /* CubismModelUserDataJson.cpp */ = {isa = PBXFileReference; lastKnownFileType = sourcecode.cpp.cpp; name = CubismModelUserDataJson.cpp; path = ../../vendor/live2d/ios/Framework/src/Model/CubismModelUserDataJson.cpp; sourceTree = SOURCE_ROOT; };
		A1B2C3D4F0F000000000015 /* CubismUserModel.cpp */ = {isa = PBXFileReference; lastKnownFileType = sourcecode.cpp.cpp; name = CubismUserModel.cpp; path = ../../vendor/live2d/ios/Framework/src/Model/CubismUserModel.cpp; sourceTree = SOURCE_ROOT; };
		A1B2C3D4F0F000000000016 /* ACubismMotion.cpp */ = {isa = PBXFileReference; lastKnownFileType = sourcecode.cpp.cpp; name = ACubismMotion.cpp; path = ../../vendor/live2d/ios/Framework/src/Motion/ACubismMotion.cpp; sourceTree = SOURCE_ROOT; };
		A1B2C3D4F0F000000000017 /* CubismBreathUpdater.cpp */ = {isa = PBXFileReference; lastKnownFileType = sourcecode.cpp.cpp; name = CubismBreathUpdater.cpp; path = ../../vendor/live2d/ios/Framework/src/Motion/CubismBreathUpdater.cpp; sourceTree = SOURCE_ROOT; };
		A1B2C3D4F0F000000000018 /* CubismExpressionMotion.cpp */ = {isa = PBXFileReference; lastKnownFileType = sourcecode.cpp.cpp; name = CubismExpressionMotion.cpp; path = ../../vendor/live2d/ios/Framework/src/Motion/CubismExpressionMotion.cpp; sourceTree = SOURCE_ROOT; };
		A1B2C3D4F0F000000000019 /* CubismExpressionMotionManager.cpp */ = {isa = PBXFileReference; lastKnownFileType = sourcecode.cpp.cpp; name = CubismExpressionMotionManager.cpp; path = ../../vendor/live2d/ios/Framework/src/Motion/CubismExpressionMotionManager.cpp; sourceTree = SOURCE_ROOT; };
		A1B2C3D4F0F00000000001A /* CubismExpressionUpdater.cpp */ = {isa = PBXFileReference; lastKnownFileType = sourcecode.cpp.cpp; name = CubismExpressionUpdater.cpp; path = ../../vendor/live2d/ios/Framework/src/Motion/CubismExpressionUpdater.cpp; sourceTree = SOURCE_ROOT; };
		A1B2C3D4F0F00000000001B /* CubismEyeBlinkUpdater.cpp */ = {isa = PBXFileReference; lastKnownFileType = sourcecode.cpp.cpp; name = CubismEyeBlinkUpdater.cpp; path = ../../vendor/live2d/ios/Framework/src/Motion/CubismEyeBlinkUpdater.cpp; sourceTree = SOURCE_ROOT; };
		A1B2C3D4F0F00000000001C /* CubismLipSyncUpdater.cpp */ = {isa = PBXFileReference; lastKnownFileType = sourcecode.cpp.cpp; name = CubismLipSyncUpdater.cpp; path = ../../vendor/live2d/ios/Framework/src/Motion/CubismLipSyncUpdater.cpp; sourceTree = SOURCE_ROOT; };
		A1B2C3D4F0F00000000001D /* CubismLookUpdater.cpp */ = {isa = PBXFileReference; lastKnownFileType = sourcecode.cpp.cpp; name = CubismLookUpdater.cpp; path = ../../vendor/live2d/ios/Framework/src/Motion/CubismLookUpdater.cpp; sourceTree = SOURCE_ROOT; };
		A1B2C3D4F0F00000000001E /* CubismMotion.cpp */ = {isa = PBXFileReference; lastKnownFileType = sourcecode.cpp.cpp; name = CubismMotion.cpp; path = ../../vendor/live2d/ios/Framework/src/Motion/CubismMotion.cpp; sourceTree = SOURCE_ROOT; };
		A1B2C3D4F0F00000000001F /* CubismMotionJson.cpp */ = {isa = PBXFileReference; lastKnownFileType = sourcecode.cpp.cpp; name = CubismMotionJson.cpp; path = ../../vendor/live2d/ios/Framework/src/Motion/CubismMotionJson.cpp; sourceTree = SOURCE_ROOT; };
		A1B2C3D4F0F000000000020 /* CubismMotionManager.cpp */ = {isa = PBXFileReference; lastKnownFileType = sourcecode.cpp.cpp; name = CubismMotionManager.cpp; path = ../../vendor/live2d/ios/Framework/src/Motion/CubismMotionManager.cpp; sourceTree = SOURCE_ROOT; };
		A1B2C3D4F0F000000000021 /* CubismMotionQueueEntry.cpp */ = {isa = PBXFileReference; lastKnownFileType = sourcecode.cpp.cpp; name = CubismMotionQueueEntry.cpp; path = ../../vendor/live2d/ios/Framework/src/Motion/CubismMotionQueueEntry.cpp; sourceTree = SOURCE_ROOT; };
		A1B2C3D4F0F000000000022 /* CubismMotionQueueManager.cpp */ = {isa = PBXFileReference; lastKnownFileType = sourcecode.cpp.cpp; name = CubismMotionQueueManager.cpp; path = ../../vendor/live2d/ios/Framework/src/Motion/CubismMotionQueueManager.cpp; sourceTree = SOURCE_ROOT; };
		A1B2C3D4F0F000000000023 /* CubismPhysicsUpdater.cpp */ = {isa = PBXFileReference; lastKnownFileType = sourcecode.cpp.cpp; name = CubismPhysicsUpdater.cpp; path = ../../vendor/live2d/ios/Framework/src/Motion/CubismPhysicsUpdater.cpp; sourceTree = SOURCE_ROOT; };
		A1B2C3D4F0F000000000024 /* CubismPoseUpdater.cpp */ = {isa = PBXFileReference; lastKnownFileType = sourcecode.cpp.cpp; name = CubismPoseUpdater.cpp; path = ../../vendor/live2d/ios/Framework/src/Motion/CubismPoseUpdater.cpp; sourceTree = SOURCE_ROOT; };
		A1B2C3D4F0F000000000025 /* CubismUpdateScheduler.cpp */ = {isa = PBXFileReference; lastKnownFileType = sourcecode.cpp.cpp; name = CubismUpdateScheduler.cpp; path = ../../vendor/live2d/ios/Framework/src/Motion/CubismUpdateScheduler.cpp; sourceTree = SOURCE_ROOT; };
		A1B2C3D4F0F000000000026 /* ICubismUpdater.cpp */ = {isa = PBXFileReference; lastKnownFileType = sourcecode.cpp.cpp; name = ICubismUpdater.cpp; path = ../../vendor/live2d/ios/Framework/src/Motion/ICubismUpdater.cpp; sourceTree = SOURCE_ROOT; };
		A1B2C3D4F0F000000000027 /* IParameterProvider.cpp */ = {isa = PBXFileReference; lastKnownFileType = sourcecode.cpp.cpp; name = IParameterProvider.cpp; path = ../../vendor/live2d/ios/Framework/src/Motion/IParameterProvider.cpp; sourceTree = SOURCE_ROOT; };
		A1B2C3D4F0F000000000028 /* CubismPhysics.cpp */ = {isa = PBXFileReference; lastKnownFileType = sourcecode.cpp.cpp; name = CubismPhysics.cpp; path = ../../vendor/live2d/ios/Framework/src/Physics/CubismPhysics.cpp; sourceTree = SOURCE_ROOT; };
		A1B2C3D4F0F000000000029 /* CubismPhysicsJson.cpp */ = {isa = PBXFileReference; lastKnownFileType = sourcecode.cpp.cpp; name = CubismPhysicsJson.cpp; path = ../../vendor/live2d/ios/Framework/src/Physics/CubismPhysicsJson.cpp; sourceTree = SOURCE_ROOT; };
		A1B2C3D4F0F00000000002A /* CubismRenderer.cpp */ = {isa = PBXFileReference; lastKnownFileType = sourcecode.cpp.cpp; name = CubismRenderer.cpp; path = ../../vendor/live2d/ios/Framework/src/Rendering/CubismRenderer.cpp; sourceTree = SOURCE_ROOT; };
		A1B2C3D4F0F00000000002B /* CubismCommandBuffer_Metal.mm */ = {isa = PBXFileReference; lastKnownFileType = sourcecode.cpp.objcpp; name = CubismCommandBuffer_Metal.mm; path = ../../vendor/live2d/ios/Framework/src/Rendering/Metal/CubismCommandBuffer_Metal.mm; sourceTree = SOURCE_ROOT; };
		A1B2C3D4F0F00000000002C /* CubismDeviceInfo_Metal.mm */ = {isa = PBXFileReference; lastKnownFileType = sourcecode.cpp.objcpp; name = CubismDeviceInfo_Metal.mm; path = ../../vendor/live2d/ios/Framework/src/Rendering/Metal/CubismDeviceInfo_Metal.mm; sourceTree = SOURCE_ROOT; };
		A1B2C3D4F0F00000000002D /* CubismOffscreenManager_Metal.mm */ = {isa = PBXFileReference; lastKnownFileType = sourcecode.cpp.objcpp; name = CubismOffscreenManager_Metal.mm; path = ../../vendor/live2d/ios/Framework/src/Rendering/Metal/CubismOffscreenManager_Metal.mm; sourceTree = SOURCE_ROOT; };
		A1B2C3D4F0F00000000002E /* CubismOffscreenRenderTarget_Metal.mm */ = {isa = PBXFileReference; lastKnownFileType = sourcecode.cpp.objcpp; name = CubismOffscreenRenderTarget_Metal.mm; path = ../../vendor/live2d/ios/Framework/src/Rendering/Metal/CubismOffscreenRenderTarget_Metal.mm; sourceTree = SOURCE_ROOT; };
		A1B2C3D4F0F00000000002F /* CubismRenderTarget_Metal.mm */ = {isa = PBXFileReference; lastKnownFileType = sourcecode.cpp.objcpp; name = CubismRenderTarget_Metal.mm; path = ../../vendor/live2d/ios/Framework/src/Rendering/Metal/CubismRenderTarget_Metal.mm; sourceTree = SOURCE_ROOT; };
		A1B2C3D4F0F000000000030 /* CubismRenderer_Metal.mm */ = {isa = PBXFileReference; lastKnownFileType = sourcecode.cpp.objcpp; name = CubismRenderer_Metal.mm; path = ../../vendor/live2d/ios/Framework/src/Rendering/Metal/CubismRenderer_Metal.mm; sourceTree = SOURCE_ROOT; };
		A1B2C3D4F0F000000000031 /* CubismShader_Metal.mm */ = {isa = PBXFileReference; lastKnownFileType = sourcecode.cpp.objcpp; name = CubismShader_Metal.mm; path = ../../vendor/live2d/ios/Framework/src/Rendering/Metal/CubismShader_Metal.mm; sourceTree = SOURCE_ROOT; };
		A1B2C3D4F0F000000000032 /* csmBlendMode.cpp */ = {isa = PBXFileReference; lastKnownFileType = sourcecode.cpp.cpp; name = csmBlendMode.cpp; path = ../../vendor/live2d/ios/Framework/src/Rendering/csmBlendMode.cpp; sourceTree = SOURCE_ROOT; };
		A1B2C3D4F0F000000000033 /* csmRectF.cpp */ = {isa = PBXFileReference; lastKnownFileType = sourcecode.cpp.cpp; name = csmRectF.cpp; path = ../../vendor/live2d/ios/Framework/src/Type/csmRectF.cpp; sourceTree = SOURCE_ROOT; };
		A1B2C3D4F0F000000000034 /* csmString.cpp */ = {isa = PBXFileReference; lastKnownFileType = sourcecode.cpp.cpp; name = csmString.cpp; path = ../../vendor/live2d/ios/Framework/src/Type/csmString.cpp; sourceTree = SOURCE_ROOT; };
		A1B2C3D4F0F000000000035 /* CubismDebug.cpp */ = {isa = PBXFileReference; lastKnownFileType = sourcecode.cpp.cpp; name = CubismDebug.cpp; path = ../../vendor/live2d/ios/Framework/src/Utils/CubismDebug.cpp; sourceTree = SOURCE_ROOT; };
		A1B2C3D4F0F000000000036 /* CubismJson.cpp */ = {isa = PBXFileReference; lastKnownFileType = sourcecode.cpp.cpp; name = CubismJson.cpp; path = ../../vendor/live2d/ios/Framework/src/Utils/CubismJson.cpp; sourceTree = SOURCE_ROOT; };
		A1B2C3D4F0F000000000037 /* CubismString.cpp */ = {isa = PBXFileReference; lastKnownFileType = sourcecode.cpp.cpp; name = CubismString.cpp; path = ../../vendor/live2d/ios/Framework/src/Utils/CubismString.cpp; sourceTree = SOURCE_ROOT; };
/* End PBXFileReference section */

/* Begin PBXFrameworksBuildPhase section */
		504EC3011FED79650016851F /* Frameworks */ = {
			isa = PBXFrameworksBuildPhase;
			buildActionMask = 2147483647;
			files = (
				4D22ABE92AF431CB00220026 /* CapApp-SPM in Frameworks */,
				A1B2C3D4E5F6000000000012 /* MetalKit.framework in Frameworks */,
			);
			runOnlyForDeploymentPostprocessing = 0;
		};
/* End PBXFrameworksBuildPhase section */

/* Begin PBXGroup section */
		504EC2FB1FED79650016851F = {
			isa = PBXGroup;
			children = (
				958DCC722DB07C7200EA8C5F /* debug.xcconfig */,
				504EC3061FED79650016851F /* App */,
				504EC3051FED79650016851F /* Products */,
				66D7B0AE2F900D94000FD6B2 /* Recovered References */,
			);
			sourceTree = "<group>";
		};
		504EC3051FED79650016851F /* Products */ = {
			isa = PBXGroup;
			children = (
				504EC3041FED79650016851F /* App.app */,
			);
			name = Products;
			sourceTree = "<group>";
		};
		504EC3061FED79650016851F /* App */ = {
			isa = PBXGroup;
			children = (
				50379B222058CBB4000EE86E /* capacitor.config.json */,
				504EC3071FED79650016851F /* AppDelegate.swift */,
				A1B2C3D4E5F6000000000008 /* App-Bridging-Header.h */,
				A1B2C3D4E5F6000000000002 /* NobuRootViewController.swift */,
				A1B2C3D4E5F6000000000009 /* NobuLive2D */,
				504EC30B1FED79650016851F /* Main.storyboard */,
				504EC30E1FED79650016851F /* Assets.xcassets */,
				504EC3101FED79650016851F /* LaunchScreen.storyboard */,
				504EC3131FED79650016851F /* Info.plist */,
				A1B2C3D4E5F6000000000006 /* models */,
				2FAD9762203C412B000D30F8 /* config.xml */,
				50B271D01FEDC1A000F3C39B /* public */,
			);
			path = App;
			sourceTree = "<group>";
		};
		66D7B0AE2F900D94000FD6B2 /* Recovered References */ = {
			isa = PBXGroup;
			children = (
				A1B2C3D4E5F6000000000013 /* MetalKit.framework */,
			);
			name = "Recovered References";
			sourceTree = "<group>";
		};
		A1B2C3D4E5F6000000000009 /* NobuLive2D */ = {
			isa = PBXGroup;
			children = (
				A1B2C3D4E5F6000000000007 /* NobuLive2DBridge.h */,
				A1B2C3D4E5F6000000000014 /* NobuLive2DView.h */,
				A1B2C3D4E5F6000000000011 /* NobuLive2DView.mm */,
				A1B2C3D4E5F6000000000004 /* NobuLive2DBridge.mm */,
				A1B2C3D4F0F000000000000 /* CubismCdiJson.cpp */,
				A1B2C3D4F0F000000000001 /* CubismDefaultParameterId.cpp */,
				A1B2C3D4F0F000000000002 /* CubismFramework.cpp */,
				A1B2C3D4F0F000000000003 /* CubismModelSettingJson.cpp */,
				A1B2C3D4F0F000000000004 /* CubismBreath.cpp */,
				A1B2C3D4F0F000000000005 /* CubismEyeBlink.cpp */,
				A1B2C3D4F0F000000000006 /* CubismLook.cpp */,
				A1B2C3D4F0F000000000007 /* CubismPose.cpp */,
				A1B2C3D4F0F000000000008 /* CubismId.cpp */,
				A1B2C3D4F0F000000000009 /* CubismIdManager.cpp */,
				A1B2C3D4F0F00000000000A /* CubismMath.cpp */,
				A1B2C3D4F0F00000000000B /* CubismMatrix44.cpp */,
				A1B2C3D4F0F00000000000C /* CubismModelMatrix.cpp */,
				A1B2C3D4F0F00000000000D /* CubismTargetPoint.cpp */,
				A1B2C3D4F0F00000000000E /* CubismVector2.cpp */,
				A1B2C3D4F0F00000000000F /* CubismViewMatrix.cpp */,
				A1B2C3D4F0F000000000010 /* CubismMoc.cpp */,
				A1B2C3D4F0F000000000011 /* CubismModel.cpp */,
				A1B2C3D4F0F000000000012 /* CubismModelMultiplyAndScreenColor.cpp */,
				A1B2C3D4F0F000000000013 /* CubismModelUserData.cpp */,
				A1B2C3D4F0F000000000014 /* CubismModelUserDataJson.cpp */,
				A1B2C3D4F0F000000000015 /* CubismUserModel.cpp */,
				A1B2C3D4F0F000000000016 /* ACubismMotion.cpp */,
				A1B2C3D4F0F000000000017 /* CubismBreathUpdater.cpp */,
				A1B2C3D4F0F000000000018 /* CubismExpressionMotion.cpp */,
				A1B2C3D4F0F000000000019 /* CubismExpressionMotionManager.cpp */,
				A1B2C3D4F0F00000000001A /* CubismExpressionUpdater.cpp */,
				A1B2C3D4F0F00000000001B /* CubismEyeBlinkUpdater.cpp */,
				A1B2C3D4F0F00000000001C /* CubismLipSyncUpdater.cpp */,
				A1B2C3D4F0F00000000001D /* CubismLookUpdater.cpp */,
				A1B2C3D4F0F00000000001E /* CubismMotion.cpp */,
				A1B2C3D4F0F00000000001F /* CubismMotionJson.cpp */,
				A1B2C3D4F0F000000000020 /* CubismMotionManager.cpp */,
				A1B2C3D4F0F000000000021 /* CubismMotionQueueEntry.cpp */,
				A1B2C3D4F0F000000000022 /* CubismMotionQueueManager.cpp */,
				A1B2C3D4F0F000000000023 /* CubismPhysicsUpdater.cpp */,
				A1B2C3D4F0F000000000024 /* CubismPoseUpdater.cpp */,
				A1B2C3D4F0F000000000025 /* CubismUpdateScheduler.cpp */,
				A1B2C3D4F0F000000000026 /* ICubismUpdater.cpp */,
				A1B2C3D4F0F000000000027 /* IParameterProvider.cpp */,
				A1B2C3D4F0F000000000028 /* CubismPhysics.cpp */,
				A1B2C3D4F0F000000000029 /* CubismPhysicsJson.cpp */,
				A1B2C3D4F0F00000000002A /* CubismRenderer.cpp */,
				A1B2C3D4F0F00000000002B /* CubismCommandBuffer_Metal.mm */,
				A1B2C3D4F0F00000000002C /* CubismDeviceInfo_Metal.mm */,
				A1B2C3D4F0F00000000002D /* CubismOffscreenManager_Metal.mm */,
				A1B2C3D4F0F00000000002E /* CubismOffscreenRenderTarget_Metal.mm */,
				A1B2C3D4F0F00000000002F /* CubismRenderTarget_Metal.mm */,
				A1B2C3D4F0F000000000030 /* CubismRenderer_Metal.mm */,
				A1B2C3D4F0F000000000031 /* CubismShader_Metal.mm */,
				A1B2C3D4F0F000000000032 /* csmBlendMode.cpp */,
				A1B2C3D4F0F000000000033 /* csmRectF.cpp */,
				A1B2C3D4F0F000000000034 /* csmString.cpp */,
				A1B2C3D4F0F000000000035 /* CubismDebug.cpp */,
				A1B2C3D4F0F000000000036 /* CubismJson.cpp */,
				A1B2C3D4F0F000000000037 /* CubismString.cpp */,
			);
			path = NobuLive2D;
			sourceTree = "<group>";
		};
/* End PBXGroup section */

/* Begin PBXNativeTarget section */
		504EC3031FED79650016851F /* App */ = {
			isa = PBXNativeTarget;
			buildConfigurationList = 504EC3161FED79650016851F /* Build configuration list for PBXNativeTarget "App" */;
			buildPhases = (
				504EC3001FED79650016851F /* Sources */,
				504EC3011FED79650016851F /* Frameworks */,
				504EC3021FED79650016851F /* Resources */,
				A1B2C3D4E5F6000000000015 /* Compile Live2D Metal shaders */,
			);
			buildRules = (
			);
			dependencies = (
			);
			name = App;
			packageProductDependencies = (
				4D22ABE82AF431CB00220026 /* CapApp-SPM */,
			);
			productName = App;
			productReference = 504EC3041FED79650016851F /* App.app */;
			productType = "com.apple.product-type.application";
		};
/* End PBXNativeTarget section */

/* Begin PBXProject section */
		504EC2FC1FED79650016851F /* Project object */ = {
			isa = PBXProject;
			attributes = {
				BuildIndependentTargetsInParallel = YES;
				LastSwiftUpdateCheck = 0920;
				LastUpgradeCheck = 2640;
				TargetAttributes = {
					504EC3031FED79650016851F = {
						CreatedOnToolsVersion = 9.2;
						LastSwiftMigration = 1100;
						ProvisioningStyle = Automatic;
					};
				};
			};
			buildConfigurationList = 504EC2FF1FED79650016851F /* Build configuration list for PBXProject "App" */;
			compatibilityVersion = "Xcode 8.0";
			developmentRegion = en;
			hasScannedForEncodings = 0;
			knownRegions = (
				en,
				Base,
			);
			mainGroup = 504EC2FB1FED79650016851F;
			packageReferences = (
				D4C12C0A2AAA248700AAC8A2 /* XCLocalSwiftPackageReference "CapApp-SPM" */,
			);
			productRefGroup = 504EC3051FED79650016851F /* Products */;
			projectDirPath = "";
			projectRoot = "";
			targets = (
				504EC3031FED79650016851F /* App */,
			);
		};
/* End PBXProject section */

/* Begin PBXResourcesBuildPhase section */
		504EC3021FED79650016851F /* Resources */ = {
			isa = PBXResourcesBuildPhase;
			buildActionMask = 2147483647;
			files = (
				504EC3121FED79650016851F /* LaunchScreen.storyboard in Resources */,
				A1B2C3D4E5F6000000000005 /* models in Resources */,
				50B271D11FEDC1A000F3C39B /* public in Resources */,
				504EC30F1FED79650016851F /* Assets.xcassets in Resources */,
				50379B232058CBB4000EE86E /* capacitor.config.json in Resources */,
				504EC30D1FED79650016851F /* Main.storyboard in Resources */,
				2FAD9763203C412B000D30F8 /* config.xml in Resources */,
			);
			runOnlyForDeploymentPostprocessing = 0;
		};
/* End PBXResourcesBuildPhase section */

/* Begin PBXShellScriptBuildPhase section */
		A1B2C3D4E5F6000000000015 /* Compile Live2D Metal shaders */ = {
			isa = PBXShellScriptBuildPhase;
			buildActionMask = 2147483647;
			files = (
			);
			inputPaths = (
				"$(SRCROOT)/../../vendor/live2d/ios/Framework/src/Rendering/Metal/Shaders/MetalShaders.metal",
			);
			name = "Compile Live2D Metal shaders";
			outputPaths = (
			);
			runOnlyForDeploymentPostprocessing = 0;
			shellPath = /bin/sh;
			shellScript = "set -e\nSHADER_DIR=\"$SRCROOT/../../vendor/live2d/ios/Framework/src/Rendering/Metal/Shaders\"\nOUTPUT_DIR=\"$TARGET_BUILD_DIR/$UNLOCALIZED_RESOURCES_FOLDER_PATH/FrameworkMetallibs\"\nTEMP_DIR=\"$DERIVED_FILE_DIR/Live2DMetalShaders\"\nmkdir -p \"$OUTPUT_DIR\" \"$TEMP_DIR\"\n\ncompile_shader() {\n  input=\"$1\"\n  output=\"$2\"\n  shift 2\n  if ! xcrun -sdk \"$SDK_NAME\" metal -I \"$SHADER_DIR\" \"$@\" -c \"$SHADER_DIR/$input.metal\" -o \"$TEMP_DIR/$output.air\"; then\n    echo \"error: Live2D Metal shader compile failed for $output. In Xcode, install the Metal Toolchain component, then build again.\"\n    exit 1\n  fi\n  xcrun -sdk \"$SDK_NAME\" metallib \"$TEMP_DIR/$output.air\" -o \"$OUTPUT_DIR/$output.metallib\"\n}\n\nfor shader in MetalShaders VertShaderSrcBlend VertShaderSrcMaskedBlend; do\n  compile_shader \"$shader\" \"$shader\"\ndone\n\ncolor_names=\"Normal Add AddGlow Darken Multiply ColorBurn LinearBurn Lighten Screen ColorDodge Overlay SoftLight HardLight LinearLight Hue Color\"\nalpha_names=\"Over Atop Out ConjointOver DisjointOver\"\ncolor_index=0\nfor color in $color_names; do\n  alpha_index=0\n  for alpha in $alpha_names; do\n    if [ \"$color\" = \"Normal\" ] && [ \"$alpha\" = \"Over\" ]; then\n      alpha_index=$((alpha_index + 1))\n      continue\n    fi\n    for shader in FragShaderSrcBlend FragShaderSrcMaskBlend FragShaderSrcMaskInvertedBlend FragShaderSrcMaskInvertedPremultipliedAlphaBlend FragShaderSrcMaskPremultipliedAlphaBlend FragShaderSrcPremultipliedAlphaBlend; do\n      compile_shader \"$shader\" \"$shader$color$alpha\" -D \"CSM_ALPHA_BLEND_MODE=$alpha_index\" -D \"CSM_COLOR_BLEND_MODE=$color_index\"\n    done\n    alpha_index=$((alpha_index + 1))\n  done\n  color_index=$((color_index + 1))\ndone\n";
		};
/* End PBXShellScriptBuildPhase section */

/* Begin PBXSourcesBuildPhase section */
		504EC3001FED79650016851F /* Sources */ = {
			isa = PBXSourcesBuildPhase;
			buildActionMask = 2147483647;
			files = (
				504EC3081FED79650016851F /* AppDelegate.swift in Sources */,
				A1B2C3D4E5F6000000000003 /* NobuLive2DBridge.mm in Sources */,
				A1B2C3D4E5F6000000000010 /* NobuLive2DView.mm in Sources */,
				A1B2C3D4E5F6000000000001 /* NobuRootViewController.swift in Sources */,
				A1B2C3D4F0B000000000000 /* CubismCdiJson.cpp in Sources */,
				A1B2C3D4F0B000000000001 /* CubismDefaultParameterId.cpp in Sources */,
				A1B2C3D4F0B000000000002 /* CubismFramework.cpp in Sources */,
				A1B2C3D4F0B000000000003 /* CubismModelSettingJson.cpp in Sources */,
				A1B2C3D4F0B000000000004 /* CubismBreath.cpp in Sources */,
				A1B2C3D4F0B000000000005 /* CubismEyeBlink.cpp in Sources */,
				A1B2C3D4F0B000000000006 /* CubismLook.cpp in Sources */,
				A1B2C3D4F0B000000000007 /* CubismPose.cpp in Sources */,
				A1B2C3D4F0B000000000008 /* CubismId.cpp in Sources */,
				A1B2C3D4F0B000000000009 /* CubismIdManager.cpp in Sources */,
				A1B2C3D4F0B00000000000A /* CubismMath.cpp in Sources */,
				A1B2C3D4F0B00000000000B /* CubismMatrix44.cpp in Sources */,
				A1B2C3D4F0B00000000000C /* CubismModelMatrix.cpp in Sources */,
				A1B2C3D4F0B00000000000D /* CubismTargetPoint.cpp in Sources */,
				A1B2C3D4F0B00000000000E /* CubismVector2.cpp in Sources */,
				A1B2C3D4F0B00000000000F /* CubismViewMatrix.cpp in Sources */,
				A1B2C3D4F0B000000000010 /* CubismMoc.cpp in Sources */,
				A1B2C3D4F0B000000000011 /* CubismModel.cpp in Sources */,
				A1B2C3D4F0B000000000012 /* CubismModelMultiplyAndScreenColor.cpp in Sources */,
				A1B2C3D4F0B000000000013 /* CubismModelUserData.cpp in Sources */,
				A1B2C3D4F0B000000000014 /* CubismModelUserDataJson.cpp in Sources */,
				A1B2C3D4F0B000000000015 /* CubismUserModel.cpp in Sources */,
				A1B2C3D4F0B000000000016 /* ACubismMotion.cpp in Sources */,
				A1B2C3D4F0B000000000017 /* CubismBreathUpdater.cpp in Sources */,
				A1B2C3D4F0B000000000018 /* CubismExpressionMotion.cpp in Sources */,
				A1B2C3D4F0B000000000019 /* CubismExpressionMotionManager.cpp in Sources */,
				A1B2C3D4F0B00000000001A /* CubismExpressionUpdater.cpp in Sources */,
				A1B2C3D4F0B00000000001B /* CubismEyeBlinkUpdater.cpp in Sources */,
				A1B2C3D4F0B00000000001C /* CubismLipSyncUpdater.cpp in Sources */,
				A1B2C3D4F0B00000000001D /* CubismLookUpdater.cpp in Sources */,
				A1B2C3D4F0B00000000001E /* CubismMotion.cpp in Sources */,
				A1B2C3D4F0B00000000001F /* CubismMotionJson.cpp in Sources */,
				A1B2C3D4F0B000000000020 /* CubismMotionManager.cpp in Sources */,
				A1B2C3D4F0B000000000021 /* CubismMotionQueueEntry.cpp in Sources */,
				A1B2C3D4F0B000000000022 /* CubismMotionQueueManager.cpp in Sources */,
				A1B2C3D4F0B000000000023 /* CubismPhysicsUpdater.cpp in Sources */,
				A1B2C3D4F0B000000000024 /* CubismPoseUpdater.cpp in Sources */,
				A1B2C3D4F0B000000000025 /* CubismUpdateScheduler.cpp in Sources */,
				A1B2C3D4F0B000000000026 /* ICubismUpdater.cpp in Sources */,
				A1B2C3D4F0B000000000027 /* IParameterProvider.cpp in Sources */,
				A1B2C3D4F0B000000000028 /* CubismPhysics.cpp in Sources */,
				A1B2C3D4F0B000000000029 /* CubismPhysicsJson.cpp in Sources */,
				A1B2C3D4F0B00000000002A /* CubismRenderer.cpp in Sources */,
				A1B2C3D4F0B00000000002B /* CubismCommandBuffer_Metal.mm in Sources */,
				A1B2C3D4F0B00000000002C /* CubismDeviceInfo_Metal.mm in Sources */,
				A1B2C3D4F0B00000000002D /* CubismOffscreenManager_Metal.mm in Sources */,
				A1B2C3D4F0B00000000002E /* CubismOffscreenRenderTarget_Metal.mm in Sources */,
				A1B2C3D4F0B00000000002F /* CubismRenderTarget_Metal.mm in Sources */,
				A1B2C3D4F0B000000000030 /* CubismRenderer_Metal.mm in Sources */,
				A1B2C3D4F0B000000000031 /* CubismShader_Metal.mm in Sources */,
				A1B2C3D4F0B000000000032 /* csmBlendMode.cpp in Sources */,
				A1B2C3D4F0B000000000033 /* csmRectF.cpp in Sources */,
				A1B2C3D4F0B000000000034 /* csmString.cpp in Sources */,
				A1B2C3D4F0B000000000035 /* CubismDebug.cpp in Sources */,
				A1B2C3D4F0B000000000036 /* CubismJson.cpp in Sources */,
				A1B2C3D4F0B000000000037 /* CubismString.cpp in Sources */,
			);
			runOnlyForDeploymentPostprocessing = 0;
		};
/* End PBXSourcesBuildPhase section */

/* Begin PBXVariantGroup section */
		504EC30B1FED79650016851F /* Main.storyboard */ = {
			isa = PBXVariantGroup;
			children = (
				504EC30C1FED79650016851F /* Base */,
			);
			name = Main.storyboard;
			sourceTree = "<group>";
		};
		504EC3101FED79650016851F /* LaunchScreen.storyboard */ = {
			isa = PBXVariantGroup;
			children = (
				504EC3111FED79650016851F /* Base */,
			);
			name = LaunchScreen.storyboard;
			sourceTree = "<group>";
		};
/* End PBXVariantGroup section */

/* Begin XCBuildConfiguration section */
		504EC3141FED79650016851F /* Debug */ = {
			isa = XCBuildConfiguration;
			baseConfigurationReference = 958DCC722DB07C7200EA8C5F /* debug.xcconfig */;
			buildSettings = {
				ALWAYS_SEARCH_USER_PATHS = NO;
				CLANG_ANALYZER_NONNULL = YES;
				CLANG_ANALYZER_NUMBER_OBJECT_CONVERSION = YES_AGGRESSIVE;
				CLANG_CXX_LANGUAGE_STANDARD = "gnu++14";
				CLANG_CXX_LIBRARY = "libc++";
				CLANG_ENABLE_MODULES = YES;
				CLANG_ENABLE_OBJC_ARC = YES;
				CLANG_WARN_BLOCK_CAPTURE_AUTORELEASING = YES;
				CLANG_WARN_BOOL_CONVERSION = YES;
				CLANG_WARN_COMMA = YES;
				CLANG_WARN_CONSTANT_CONVERSION = YES;
				CLANG_WARN_DEPRECATED_OBJC_IMPLEMENTATIONS = YES;
				CLANG_WARN_DIRECT_OBJC_ISA_USAGE = YES_ERROR;
				CLANG_WARN_DOCUMENTATION_COMMENTS = YES;
				CLANG_WARN_EMPTY_BODY = YES;
				CLANG_WARN_ENUM_CONVERSION = YES;
				CLANG_WARN_INFINITE_RECURSION = YES;
				CLANG_WARN_INT_CONVERSION = YES;
				CLANG_WARN_NON_LITERAL_NULL_CONVERSION = YES;
				CLANG_WARN_OBJC_IMPLICIT_RETAIN_SELF = YES;
				CLANG_WARN_OBJC_LITERAL_CONVERSION = YES;
				CLANG_WARN_OBJC_ROOT_CLASS = YES_ERROR;
				CLANG_WARN_QUOTED_INCLUDE_IN_FRAMEWORK_HEADER = YES;
				CLANG_WARN_RANGE_LOOP_ANALYSIS = YES;
				CLANG_WARN_STRICT_PROTOTYPES = YES;
				CLANG_WARN_SUSPICIOUS_MOVE = YES;
				CLANG_WARN_UNGUARDED_AVAILABILITY = YES_AGGRESSIVE;
				CLANG_WARN_UNREACHABLE_CODE = YES;
				CLANG_WARN__DUPLICATE_METHOD_MATCH = YES;
				CODE_SIGN_IDENTITY = "iPhone Developer";
				COPY_PHASE_STRIP = NO;
				DEBUG_INFORMATION_FORMAT = dwarf;
				DEVELOPMENT_TEAM = T48G3Z7MV9;
				ENABLE_STRICT_OBJC_MSGSEND = YES;
				ENABLE_TESTABILITY = YES;
				ENABLE_USER_SCRIPT_SANDBOXING = NO;
				GCC_C_LANGUAGE_STANDARD = gnu11;
				GCC_DYNAMIC_NO_PIC = NO;
				GCC_NO_COMMON_BLOCKS = YES;
				GCC_OPTIMIZATION_LEVEL = 0;
				GCC_PREPROCESSOR_DEFINITIONS = (
					"DEBUG=1",
					"$(inherited)",
				);
				GCC_WARN_64_TO_32_BIT_CONVERSION = YES;
				GCC_WARN_ABOUT_RETURN_TYPE = YES_ERROR;
				GCC_WARN_UNDECLARED_SELECTOR = YES;
				GCC_WARN_UNINITIALIZED_AUTOS = YES_AGGRESSIVE;
				GCC_WARN_UNUSED_FUNCTION = YES;
				GCC_WARN_UNUSED_VARIABLE = YES;
				IPHONEOS_DEPLOYMENT_TARGET = 26.2;
				MTL_ENABLE_DEBUG_INFO = YES;
				ONLY_ACTIVE_ARCH = YES;
				SDKROOT = iphoneos;
				STRING_CATALOG_GENERATE_SYMBOLS = YES;
				SWIFT_ACTIVE_COMPILATION_CONDITIONS = DEBUG;
				SWIFT_OPTIMIZATION_LEVEL = "-Onone";
			};
			name = Debug;
		};
		504EC3151FED79650016851F /* Release */ = {
			isa = XCBuildConfiguration;
			buildSettings = {
				ALWAYS_SEARCH_USER_PATHS = NO;
				CLANG_ANALYZER_NONNULL = YES;
				CLANG_ANALYZER_NUMBER_OBJECT_CONVERSION = YES_AGGRESSIVE;
				CLANG_CXX_LANGUAGE_STANDARD = "gnu++14";
				CLANG_CXX_LIBRARY = "libc++";
				CLANG_ENABLE_MODULES = YES;
				CLANG_ENABLE_OBJC_ARC = YES;
				CLANG_WARN_BLOCK_CAPTURE_AUTORELEASING = YES;
				CLANG_WARN_BOOL_CONVERSION = YES;
				CLANG_WARN_COMMA = YES;
				CLANG_WARN_CONSTANT_CONVERSION = YES;
				CLANG_WARN_DEPRECATED_OBJC_IMPLEMENTATIONS = YES;
				CLANG_WARN_DIRECT_OBJC_ISA_USAGE = YES_ERROR;
				CLANG_WARN_DOCUMENTATION_COMMENTS = YES;
				CLANG_WARN_EMPTY_BODY = YES;
				CLANG_WARN_ENUM_CONVERSION = YES;
				CLANG_WARN_INFINITE_RECURSION = YES;
				CLANG_WARN_INT_CONVERSION = YES;
				CLANG_WARN_NON_LITERAL_NULL_CONVERSION = YES;
				CLANG_WARN_OBJC_IMPLICIT_RETAIN_SELF = YES;
				CLANG_WARN_OBJC_LITERAL_CONVERSION = YES;
				CLANG_WARN_OBJC_ROOT_CLASS = YES_ERROR;
				CLANG_WARN_QUOTED_INCLUDE_IN_FRAMEWORK_HEADER = YES;
				CLANG_WARN_RANGE_LOOP_ANALYSIS = YES;
				CLANG_WARN_STRICT_PROTOTYPES = YES;
				CLANG_WARN_SUSPICIOUS_MOVE = YES;
				CLANG_WARN_UNGUARDED_AVAILABILITY = YES_AGGRESSIVE;
				CLANG_WARN_UNREACHABLE_CODE = YES;
				CLANG_WARN__DUPLICATE_METHOD_MATCH = YES;
				CODE_SIGN_IDENTITY = "iPhone Developer";
				COPY_PHASE_STRIP = NO;
				DEBUG_INFORMATION_FORMAT = "dwarf-with-dsym";
				DEVELOPMENT_TEAM = T48G3Z7MV9;
				ENABLE_NS_ASSERTIONS = NO;
				ENABLE_STRICT_OBJC_MSGSEND = YES;
				ENABLE_USER_SCRIPT_SANDBOXING = NO;
				GCC_C_LANGUAGE_STANDARD = gnu11;
				GCC_NO_COMMON_BLOCKS = YES;
				GCC_WARN_64_TO_32_BIT_CONVERSION = YES;
				GCC_WARN_ABOUT_RETURN_TYPE = YES_ERROR;
				GCC_WARN_UNDECLARED_SELECTOR = YES;
				GCC_WARN_UNINITIALIZED_AUTOS = YES_AGGRESSIVE;
				GCC_WARN_UNUSED_FUNCTION = YES;
				GCC_WARN_UNUSED_VARIABLE = YES;
				IPHONEOS_DEPLOYMENT_TARGET = 26.2;
				MTL_ENABLE_DEBUG_INFO = NO;
				SDKROOT = iphoneos;
				STRING_CATALOG_GENERATE_SYMBOLS = YES;
				SWIFT_COMPILATION_MODE = wholemodule;
				SWIFT_OPTIMIZATION_LEVEL = "-O";
				VALIDATE_PRODUCT = YES;
			};
			name = Release;
		};
		504EC3171FED79650016851F /* Debug */ = {
			isa = XCBuildConfiguration;
			baseConfigurationReference = 958DCC722DB07C7200EA8C5F /* debug.xcconfig */;
			buildSettings = {
				ASSETCATALOG_COMPILER_APPICON_NAME = AppIcon;
				CODE_SIGN_STYLE = Automatic;
				CURRENT_PROJECT_VERSION = 1;
				HEADER_SEARCH_PATHS = (
					"$(inherited)",
					"$(SRCROOT)/../../vendor/live2d/ios/Core/include",
					"$(SRCROOT)/../../vendor/live2d/ios/Framework/src",
					"$(SRCROOT)/../../vendor/live2d/ios/Framework/src/Rendering/Metal",
				);
				INFOPLIST_FILE = App/Info.plist;
				IPHONEOS_DEPLOYMENT_TARGET = 26.2;
				LD_RUNPATH_SEARCH_PATHS = (
					"$(inherited)",
					"@executable_path/Frameworks",
				);
				"LIBRARY_SEARCH_PATHS[sdk=iphoneos*]" = "$(SRCROOT)/../../vendor/live2d/ios/Core/lib/Debug-iphoneos";
				"LIBRARY_SEARCH_PATHS[sdk=iphonesimulator*]" = "$(SRCROOT)/../../vendor/live2d/ios/Core/lib/Debug-iphonesimulator-arm64";
				MARKETING_VERSION = 1.0;
				OTHER_LDFLAGS = (
					"$(inherited)",
					"-lLive2DCubismCore",
				);
				OTHER_SWIFT_FLAGS = "$(inherited) \"-D\" \"COCOAPODS\" \"-DDEBUG\"";
				PRODUCT_BUNDLE_IDENTIFIER = com.nobu.app;
				PRODUCT_NAME = "$(TARGET_NAME)";
				SWIFT_ACTIVE_COMPILATION_CONDITIONS = DEBUG;
				SWIFT_OBJC_BRIDGING_HEADER = "App/App-Bridging-Header.h";
				SWIFT_VERSION = 5.0;
				TARGETED_DEVICE_FAMILY = "1,2";
			};
			name = Debug;
		};
		504EC3181FED79650016851F /* Release */ = {
			isa = XCBuildConfiguration;
			buildSettings = {
				ASSETCATALOG_COMPILER_APPICON_NAME = AppIcon;
				CODE_SIGN_STYLE = Automatic;
				CURRENT_PROJECT_VERSION = 1;
				HEADER_SEARCH_PATHS = (
					"$(inherited)",
					"$(SRCROOT)/../../vendor/live2d/ios/Core/include",
					"$(SRCROOT)/../../vendor/live2d/ios/Framework/src",
					"$(SRCROOT)/../../vendor/live2d/ios/Framework/src/Rendering/Metal",
				);
				INFOPLIST_FILE = App/Info.plist;
				IPHONEOS_DEPLOYMENT_TARGET = 26.2;
				LD_RUNPATH_SEARCH_PATHS = (
					"$(inherited)",
					"@executable_path/Frameworks",
				);
				"LIBRARY_SEARCH_PATHS[sdk=iphoneos*]" = "$(SRCROOT)/../../vendor/live2d/ios/Core/lib/Release-iphoneos";
				"LIBRARY_SEARCH_PATHS[sdk=iphonesimulator*]" = "$(SRCROOT)/../../vendor/live2d/ios/Core/lib/Release-iphonesimulator-arm64";
				MARKETING_VERSION = 1.0;
				OTHER_LDFLAGS = (
					"$(inherited)",
					"-lLive2DCubismCore",
				);
				PRODUCT_BUNDLE_IDENTIFIER = com.nobu.app;
				PRODUCT_NAME = "$(TARGET_NAME)";
				SWIFT_ACTIVE_COMPILATION_CONDITIONS = "";
				SWIFT_OBJC_BRIDGING_HEADER = "App/App-Bridging-Header.h";
				SWIFT_VERSION = 5.0;
				TARGETED_DEVICE_FAMILY = "1,2";
			};
			name = Release;
		};
/* End XCBuildConfiguration section */

/* Begin XCConfigurationList section */
		504EC2FF1FED79650016851F /* Build configuration list for PBXProject "App" */ = {
			isa = XCConfigurationList;
			buildConfigurations = (
				504EC3141FED79650016851F /* Debug */,
				504EC3151FED79650016851F /* Release */,
			);
			defaultConfigurationIsVisible = 0;
			defaultConfigurationName = Release;
		};
		504EC3161FED79650016851F /* Build configuration list for PBXNativeTarget "App" */ = {
			isa = XCConfigurationList;
			buildConfigurations = (
				504EC3171FED79650016851F /* Debug */,
				504EC3181FED79650016851F /* Release */,
			);
			defaultConfigurationIsVisible = 0;
			defaultConfigurationName = Release;
		};
/* End XCConfigurationList section */

/* Begin XCLocalSwiftPackageReference section */
		D4C12C0A2AAA248700AAC8A2 /* XCLocalSwiftPackageReference "CapApp-SPM" */ = {
			isa = XCLocalSwiftPackageReference;
			relativePath = "CapApp-SPM";
		};
/* End XCLocalSwiftPackageReference section */

/* Begin XCSwiftPackageProductDependency section */
		4D22ABE82AF431CB00220026 /* CapApp-SPM */ = {
			isa = XCSwiftPackageProductDependency;
			package = D4C12C0A2AAA248700AAC8A2 /* XCLocalSwiftPackageReference "CapApp-SPM" */;
			productName = "CapApp-SPM";
		};
/* End XCSwiftPackageProductDependency section */
	};
	rootObject = 504EC2FC1FED79650016851F /* Project object */;
}
